// !$*UTF8*$!
{
	archiveVersion = 1;
	classes = {
	};
	objectVersion = 56;
	objects = {

/* Begin PBXBuildFile section */
		D32EAE0F2941FF6C0053AB9C /* AppDelegate.swift in Sources */ = {isa = PBXBuildFile; fileRef = D32EAE0E2941FF6C0053AB9C /* AppDelegate.swift */; };
		D32EAE112941FF6C0053AB9C /* SceneDelegate.swift in Sources */ = {isa = PBXBuildFile; fileRef = D32EAE102941FF6C0053AB9C /* SceneDelegate.swift */; };
		D32EAE132941FF6C0053AB9C /* ShoppingListViewController.swift in Sources */ = {isa = PBXBuildFile; fileRef = D32EAE122941FF6C0053AB9C /* ShoppingListViewController.swift */; };
		D32EAE162941FF6C0053AB9C /* Main.storyboard in Resources */ = {isa = PBXBuildFile; fileRef = D32EAE142941FF6C0053AB9C /* Main.storyboard */; };
		D32EAE182941FF6D0053AB9C /* Assets.xcassets in Resources */ = {isa = PBXBuildFile; fileRef = D32EAE172941FF6D0053AB9C /* Assets.xcassets */; };
		D32EAE1B2941FF6D0053AB9C /* LaunchScreen.storyboard in Resources */ = {isa = PBXBuildFile; fileRef = D32EAE192941FF6D0053AB9C /* LaunchScreen.storyboard */; };
		D32EAE2329420B210053AB9C /* ShoppingListTableViewCell.swift in Sources */ = {isa = PBXBuildFile; fileRef = D32EAE2229420B210053AB9C /* ShoppingListTableViewCell.swift */; };
		D34BE0122958538C007065AC /* ShoppingListViewModel.swift in Sources */ = {isa = PBXBuildFile; fileRef = D34BE0112958538C007065AC /* ShoppingListViewModel.swift */; };
/* End PBXBuildFile section */

/* Begin PBXFileReference section */
		D32EAE0B2941FF6C0053AB9C /* ShoppingListApp.app */ = {isa = PBXFileReference; explicitFileType = wrapper.application; includeInIndex = 0; path = ShoppingListApp.app; sourceTree = BUILT_PRODUCTS_DIR; };
		D32EAE0E2941FF6C0053AB9C /* AppDelegate.swift */ = {isa = PBXFileReference; lastKnownFileType = sourcecode.swift; path = AppDelegate.swift; sourceTree = "<group>"; };
		D32EAE102941FF6C0053AB9C /* SceneDelegate.swift */ = {isa = PBXFileReference; lastKnownFileType = sourcecode.swift; path = SceneDelegate.swift; sourceTree = "<group>"; };
		D32EAE122941FF6C0053AB9C /* ShoppingListViewController.swift */ = {isa = PBXFileReference; lastKnownFileType = sourcecode.swift; path = ShoppingListViewController.swift; sourceTree = "<group>"; };
		D32EAE152941FF6C0053AB9C /* Base */ = {isa = PBXFileReference; lastKnownFileType = file.storyboard; name = Base; path = Base.lproj/Main.storyboard; sourceTree = "<group>"; };
		D32EAE172941FF6D0053AB9C /* Assets.xcassets */ = {isa = PBXFileReference; lastKnownFileType = folder.assetcatalog; path = Assets.xcassets; sourceTree = "<group>"; };
		D32EAE1A2941FF6D0053AB9C /* Base */ = {isa = PBXFileReference; lastKnownFileType = file.storyboard; name = Base; path = Base.lproj/LaunchScreen.storyboard; sourceTree = "<group>"; };
		D32EAE1C2941FF6D0053AB9C /* Info.plist */ = {isa = PBXFileReference; lastKnownFileType = text.plist.xml; path = Info.plist; sourceTree = "<group>"; };
		D32EAE2229420B210053AB9C /* ShoppingListTableViewCell.swift */ = {isa = PBXFileReference; lastKnownFileType = sourcecode.swift; path = ShoppingListTableViewCell.swift; sourceTree = "<group>"; };
		D34BE0112958538C007065AC /* ShoppingListViewModel.swift */ = {isa = PBXFileReference; lastKnownFileType = sourcecode.swift; path = ShoppingListViewModel.swift; sourceTree = "<group>"; };
/* End PBXFileReference section */

/* Begin PBXFrameworksBuildPhase section */
		D32EAE082941FF6C0053AB9C /* Frameworks */ = {
			isa = PBXFrameworksBuildPhase;
			buildActionMask = 2147483647;
			files = (
			);
			runOnlyForDeploymentPostprocessing = 0;
		};
/* End PBXFrameworksBuildPhase section */

/* Begin PBXGroup section */
		D32EAE022941FF6C0053AB9C = {
			isa = PBXGroup;
			children = (
				D32EAE0D2941FF6C0053AB9C /* ShoppingListApp */,
				D32EAE0C2941FF6C0053AB9C /* Products */,
			);
			sourceTree = "<group>";
		};
		D32EAE0C2941FF6C0053AB9C /* Products */ = {
			isa = PBXGroup;
			children = (
				D32EAE0B2941FF6C0053AB9C /* ShoppingListApp.app */,
			);
			name = Products;
			sourceTree = "<group>";
		};
		D32EAE0D2941FF6C0053AB9C /* ShoppingListApp */ = {
			isa = PBXGroup;
			children = (
				D3F5CCD229588D180084ED97 /* ViewModel */,
				D3F5CCD029588CFD0084ED97 /* ViewController */,
				D32EAE0E2941FF6C0053AB9C /* AppDelegate.swift */,
				D32EAE102941FF6C0053AB9C /* SceneDelegate.swift */,
				D32EAE142941FF6C0053AB9C /* Main.storyboard */,
				D32EAE172941FF6D0053AB9C /* Assets.xcassets */,
				D32EAE192941FF6D0053AB9C /* LaunchScreen.storyboard */,
				D32EAE1C2941FF6D0053AB9C /* Info.plist */,
			);
			path = ShoppingListApp;
			sourceTree = "<group>";
		};
		D3F5CCD029588CFD0084ED97 /* ViewController */ = {
			isa = PBXGroup;
			children = (
				D3F5CCD129588D0D0084ED97 /* Cell */,
				D32EAE122941FF6C0053AB9C /* ShoppingListViewController.swift */,
			);
			path = ViewController;
			sourceTree = "<group>";
		};
		D3F5CCD129588D0D0084ED97 /* Cell */ = {
			isa = PBXGroup;
			children = (
				D32EAE2229420B210053AB9C /* ShoppingListTableViewCell.swift */,
			);
			path = Cell;
			sourceTree = "<group>";
		};
		D3F5CCD229588D180084ED97 /* ViewModel */ = {
			isa = PBXGroup;
			children = (
				D34BE0112958538C007065AC /* ShoppingListViewModel.swift */,
			);
			path = ViewModel;
			sourceTree = "<group>";
		};
/* End PBXGroup section */

/* Begin PBXNativeTarget section */
		D32EAE0A2941FF6C0053AB9C /* ShoppingListApp */ = {
			isa = PBXNativeTarget;
			buildConfigurationList = D32EAE1F2941FF6D0053AB9C /* Build configuration list for PBXNativeTarget "ShoppingListApp" */;
			buildPhases = (
				D32EAE072941FF6C0053AB9C /* Sources */,
				D32EAE082941FF6C0053AB9C /* Frameworks */,
				D32EAE092941FF6C0053AB9C /* Resources */,
			);
			buildRules = (
			);
			dependencies = (
			);
			name = ShoppingListApp;
			productName = ShoppingListApp;
			productReference = D32EAE0B2941FF6C0053AB9C /* ShoppingListApp.app */;
			productType = "com.apple.product-type.application";
		};
/* End PBXNativeTarget section */

/* Begin PBXProject section */
		D32EAE032941FF6C0053AB9C /* Project object */ = {
			isa = PBXProject;
			attributes = {
				BuildIndependentTargetsInParallel = 1;
				LastSwiftUpdateCheck = 1410;
				LastUpgradeCheck = 1410;
				TargetAttributes = {
					D32EAE0A2941FF6C0053AB9C = {
						CreatedOnToolsVersion = 14.1;
					};
				};
			};
			buildConfigurationList = D32EAE062941FF6C0053AB9C /* Build configuration list for PBXProject "ShoppingListApp" */;
			compatibilityVersion = "Xcode 14.0";
			developmentRegion = en;
			hasScannedForEncodings = 0;
			knownRegions = (
				en,
				Base,
			);
			mainGroup = D32EAE022941FF6C0053AB9C;
			productRefGroup = D32EAE0C2941FF6C0053AB9C /* Products */;
			projectDirPath = "";
			projectRoot = "";
			targets = (
				D32EAE0A2941FF6C0053AB9C /* ShoppingListApp */,
			);
		};
/* End PBXProject section */

/* Begin PBXResourcesBuildPhase section */
		D32EAE092941FF6C0053AB9C /* Resources */ = {
			isa = PBXResourcesBuildPhase;
			buildActionMask = 2147483647;
			files = (
				D32EAE1B2941FF6D0053AB9C /* LaunchScreen.storyboard in Resources */,
				D32EAE182941FF6D0053AB9C /* Assets.xcassets in Resources */,
				D32EAE162941FF6C0053AB9C /* Main.storyboard in Resources */,
			);
			runOnlyForDeploymentPostprocessing = 0;
		};
/* End PBXResourcesBuildPhase section */

/* Begin PBXSourcesBuildPhase section */
		D32EAE072941FF6C0053AB9C /* Sources */ = {
			isa = PBXSourcesBuildPhase;
			buildActionMask = 2147483647;
			files = (
				D32EAE132941FF6C0053AB9C /* ShoppingListViewController.swift in Sources */,
				D32EAE2329420B210053AB9C /* ShoppingListTableViewCell.swift in Sources */,
				D32EAE0F2941FF6C0053AB9C /* AppDelegate.swift in Sources */,
				D32EAE112941FF6C0053AB9C /* SceneDelegate.swift in Sources */,
				D34BE0122958538C007065AC /* ShoppingListViewModel.swift in Sources */,
			);
			runOnlyForDeploymentPostprocessing = 0;
		};
/* End PBXSourcesBuildPhase section */

/* Begin PBXVariantGroup section */
		D32EAE142941FF6C0053AB9C /* Main.storyboard */ = {
			isa = PBXVariantGroup;
			children = (
				D32EAE152941FF6C0053AB9C /* Base */,
			);
			name = Main.storyboard;
			sourceTree = "<group>";
		};
		D32EAE192941FF6D0053AB9C /* LaunchScreen.storyboard */ = {
			isa = PBXVariantGroup;
			children = (
				D32EAE1A2941FF6D0053AB9C /* Base */,
			);
			name = LaunchScreen.storyboard;
			sourceTree = "<group>";
		};
/* End PBXVariantGroup section */

/* Begin XCBuildConfiguration section */
		D32EAE1D2941FF6D0053AB9C /* Debug */ = {
			isa = XCBuildConfiguration;
			buildSettings = {
				ALWAYS_SEARCH_USER_PATHS = NO;
				CLANG_ANALYZER_NONNULL = YES;
				CLANG_ANALYZER_NUMBER_OBJECT_CONVERSION = YES_AGGRESSIVE;
				CLANG_CXX_LANGUAGE_STANDARD = "gnu++20";
				CLANG_ENABLE_MODULES = YES;
				CLANG_ENABLE_OBJC_ARC = YES;
				CLANG_ENABLE_OBJC_WEAK = YES;
				CLANG_WARN_BLOCK_CAPTURE_AUTORELEASING = YES;
				CLANG_WARN_BOOL_CONVERSION = YES;
				CLANG_WARN_COMMA = YES;
				CLANG_WARN_CONSTANT_CONVERSION = YES;
				CLANG_WARN_DEPRECATED_OBJC_IMPLEMENTATIONS = YES;
				CLANG_WARN_DIRECT_OBJC_ISA_USAGE = YES_ERROR;
				CLANG_WARN_DOCUMENTATION_COMMENTS = YES;
				CLANG_WARN_EMPTY_BODY = YES;
				CLANG_WARN_ENUM_CONVERSION = YES;
				CLANG_WARN_INFINITE_RECURSION = YES;
				CLANG_WARN_INT_CONVERSION = YES;
				CLANG_WARN_NON_LITERAL_NULL_CONVERSION = YES;
				CLANG_WARN_OBJC_IMPLICIT_RETAIN_SELF = YES;
				CLANG_WARN_OBJC_LITERAL_CONVERSION = YES;
				CLANG_WARN_OBJC_ROOT_CLASS = YES_ERROR;
				CLANG_WARN_QUOTED_INCLUDE_IN_FRAMEWORK_HEADER = YES;
				CLANG_WARN_RANGE_LOOP_ANALYSIS = YES;
				CLANG_WARN_STRICT_PROTOTYPES = YES;
				CLANG_WARN_SUSPICIOUS_MOVE = YES;
				CLANG_WARN_UNGUARDED_AVAILABILITY = YES_AGGRESSIVE;
				CLANG_WARN_UNREACHABLE_CODE = YES;
				CLANG_WARN__DUPLICATE_METHOD_MATCH = YES;
				COPY_PHASE_STRIP = NO;
				DEBUG_INFORMATION_FORMAT = dwarf;
				ENABLE_STRICT_OBJC_MSGSEND = YES;
				ENABLE_TESTABILITY = YES;
				GCC_C_LANGUAGE_STANDARD = gnu11;
				GCC_DYNAMIC_NO_PIC = NO;
				GCC_NO_COMMON_BLOCKS = YES;
				GCC_OPTIMIZATION_LEVEL = 0;
				GCC_PREPROCESSOR_DEFINITIONS = (
					"DEBUG=1",
					"$(inherited)",
				);
				GCC_WARN_64_TO_32_BIT_CONVERSION = YES;
				GCC_WARN_ABOUT_RETURN_TYPE = YES_ERROR;
				GCC_WARN_UNDECLARED_SELECTOR = YES;
				GCC_WARN_UNINITIALIZED_AUTOS = YES_AGGRESSIVE;
				GCC_WARN_UNUSED_FUNCTION = YES;
				GCC_WARN_UNUSED_VARIABLE = YES;
				IPHONEOS_DEPLOYMENT_TARGET = 16.1;
				MTL_ENABLE_DEBUG_INFO = INCLUDE_SOURCE;
				MTL_FAST_MATH = YES;
				ONLY_ACTIVE_ARCH = YES;
				SDKROOT = iphoneos;
				SWIFT_ACTIVE_COMPILATION_CONDITIONS = DEBUG;
				SWIFT_OPTIMIZATION_LEVEL = "-Onone";
			};
			name = Debug;
		};
		D32EAE1E2941FF6D0053AB9C /* Release */ = {
			isa = XCBuildConfiguration;
			buildSettings = {
				ALWAYS_SEARCH_USER_PATHS = NO;
				CLANG_ANALYZER_NONNULL = YES;
				CLANG_ANALYZER_NUMBER_OBJECT_CONVERSION = YES_AGGRESSIVE;
				CLANG_CXX_LANGUAGE_STANDARD = "gnu++20";
				CLANG_ENABLE_MODULES = YES;
				CLANG_ENABLE_OBJC_ARC = YES;
				CLANG_ENABLE_OBJC_WEAK = YES;
				CLANG_WARN_BLOCK_CAPTURE_AUTORELEASING = YES;
				CLANG_WARN_BOOL_CONVERSION = YES;
				CLANG_WARN_COMMA = YES;
				CLANG_WARN_CONSTANT_CONVERSION = YES;
				CLANG_WARN_DEPRECATED_OBJC_IMPLEMENTATIONS = YES;
				CLANG_WARN_DIRECT_OBJC_ISA_USAGE = YES_ERROR;
				CLANG_WARN_DOCUMENTATION_COMMENTS = YES;
				CLANG_WARN_EMPTY_BODY = YES;
				CLANG_WARN_ENUM_CONVERSION = YES;
				CLANG_WARN_INFINITE_RECURSION = YES;
				CLANG_WARN_INT_CONVERSION = YES;
				CLANG_WARN_NON_LITERAL_NULL_CONVERSION = YES;
				CLANG_WARN_OBJC_IMPLICIT_RETAIN_SELF = YES;
				CLANG_WARN_OBJC_LITERAL_CONVERSION = YES;
				CLANG_WARN_OBJC_ROOT_CLASS = YES_ERROR;
				CLANG_WARN_QUOTED_INCLUDE_IN_FRAMEWORK_HEADER = YES;
				CLANG_WARN_RANGE_LOOP_ANALYSIS = YES;
				CLANG_WARN_STRICT_PROTOTYPES = YES;
				CLANG_WARN_SUSPICIOUS_MOVE = YES;
				CLANG_WARN_UNGUARDED_AVAILABILITY = YES_AGGRESSIVE;
				CLANG_WARN_UNREACHABLE_CODE = YES;
				CLANG_WARN__DUPLICATE_METHOD_MATCH = YES;
				COPY_PHASE_STRIP = NO;
				DEBUG_INFORMATION_FORMAT = "dwarf-with-dsym";
				ENABLE_NS_ASSERTIONS = NO;
				ENABLE_STRICT_OBJC_MSGSEND = YES;
				GCC_C_LANGUAGE_STANDARD = gnu11;
				GCC_NO_COMMON_BLOCKS = YES;
				GCC_WARN_64_TO_32_BIT_CONVERSION = YES;
				GCC_WARN_ABOUT_RETURN_TYPE = YES_ERROR;
				GCC_WARN_UNDECLARED_SELECTOR = YES;
				GCC_WARN_UNINITIALIZED_AUTOS = YES_AGGRESSIVE;
				GCC_WARN_UNUSED_FUNCTION = YES;
				GCC_WARN_UNUSED_VARIABLE = YES;
				IPHONEOS_DEPLOYMENT_TARGET = 16.1;
				MTL_ENABLE_DEBUG_INFO = NO;
				MTL_FAST_MATH = YES;
				SDKROOT = iphoneos;
				SWIFT_COMPILATION_MODE = wholemodule;
				SWIFT_OPTIMIZATION_LEVEL = "-O";
				VALIDATE_PRODUCT = YES;
			};
			name = Release;
		};
		D32EAE202941FF6D0053AB9C /* Debug */ = {
			isa = XCBuildConfiguration;
			buildSettings = {
				ASSETCATALOG_COMPILER_APPICON_NAME = AppIcon;
				ASSETCATALOG_COMPILER_GLOBAL_ACCENT_COLOR_NAME = AccentColor;
				CODE_SIGN_STYLE = Automatic;
				CURRENT_PROJECT_VERSION = 1;
				DEVELOPMENT_TEAM = XQ795PANJ5;
				GENERATE_INFOPLIST_FILE = YES;
				INFOPLIST_FILE = ShoppingListApp/Info.plist;
				INFOPLIST_KEY_UIApplicationSupportsIndirectInputEvents = YES;
				INFOPLIST_KEY_UILaunchStoryboardName = LaunchScreen;
				INFOPLIST_KEY_UIMainStoryboardFile = Main;
				INFOPLIST_KEY_UISupportedInterfaceOrientations_iPad = "UIInterfaceOrientationPortrait UIInterfaceOrientationPortraitUpsideDown UIInterfaceOrientationLandscapeLeft UIInterfaceOrientationLandscapeRight";
				INFOPLIST_KEY_UISupportedInterfaceOrientations_iPhone = "UIInterfaceOrientationPortrait UIInterfaceOrientationLandscapeLeft UIInterfaceOrientationLandscapeRight";
				LD_RUNPATH_SEARCH_PATHS = (
					"$(inherited)",
					"@executable_path/Frameworks",
				);
				MARKETING_VERSION = 1.0;
				PRODUCT_BUNDLE_IDENTIFIER = com.gokceerer.ShoppingListApp;
				PRODUCT_NAME = "$(TARGET_NAME)";
				SWIFT_EMIT_LOC_STRINGS = YES;
				SWIFT_VERSION = 5.0;
				TARGETED_DEVICE_FAMILY = "1,2";
			};
			name = Debug;
		};
		D32EAE212941FF6D0053AB9C /* Release */ = {
			isa = XCBuildConfiguration;
			buildSettings = {
				ASSETCATALOG_COMPILER_APPICON_NAME = AppIcon;
				ASSETCATALOG_COMPILER_GLOBAL_ACCENT_COLOR_NAME = AccentColor;
				CODE_SIGN_STYLE = Automatic;
				CURRENT_PROJECT_VERSION = 1;
				DEVELOPMENT_TEAM = XQ795PANJ5;
				GENERATE_INFOPLIST_FILE = YES;
				INFOPLIST_FILE = ShoppingListApp/Info.plist;
				INFOPLIST_KEY_UIApplicationSupportsIndirectInputEvents = YES;
				INFOPLIST_KEY_UILaunchStoryboardName = LaunchScreen;
				INFOPLIST_KEY_UIMainStoryboardFile = Main;
				INFOPLIST_KEY_UISupportedInterfaceOrientations_iPad = "UIInterfaceOrientationPortrait UIInterfaceOrientationPortraitUpsideDown UIInterfaceOrientationLandscapeLeft UIInterfaceOrientationLandscapeRight";
				INFOPLIST_KEY_UISupportedInterfaceOrientations_iPhone = "UIInterfaceOrientationPortrait UIInterfaceOrientationLandscapeLeft UIInterfaceOrientationLandscapeRight";
				LD_RUNPATH_SEARCH_PATHS = (
					"$(inherited)",
					"@executable_path/Frameworks",
				);
				MARKETING_VERSION = 1.0;
				PRODUCT_BUNDLE_IDENTIFIER = com.gokceerer.ShoppingListApp;
				PRODUCT_NAME = "$(TARGET_NAME)";
				SWIFT_EMIT_LOC_STRINGS = YES;
				SWIFT_VERSION = 5.0;
				TARGETED_DEVICE_FAMILY = "1,2";
			};
			name = Release;
		};
/* End XCBuildConfiguration section */

/* Begin XCConfigurationList section */
		D32EAE062941FF6C0053AB9C /* Build configuration list for PBXProject "ShoppingListApp" */ = {
			isa = XCConfigurationList;
			buildConfigurations = (
				D32EAE1D2941FF6D0053AB9C /* Debug */,
				D32EAE1E2941FF6D0053AB9C /* Release */,
			);
			defaultConfigurationIsVisible = 0;
			defaultConfigurationName = Release;
		};
		D32EAE1F2941FF6D0053AB9C /* Build configuration list for PBXNativeTarget "ShoppingListApp" */ = {
			isa = XCConfigurationList;
			buildConfigurations = (
				D32EAE202941FF6D0053AB9C /* Debug */,
				D32EAE212941FF6D0053AB9C /* Release */,
			);
			defaultConfigurationIsVisible = 0;
			defaultConfigurationName = Release;
		};
/* End XCConfigurationList section */
	};
	rootObject = D32EAE032941FF6C0053AB9C /* Project object */;
}
